
Microsoft Visual Studio Solution File, Format Version 12.00
# Visual Studio Version 17
VisualStudioVersion = 17.14.36518.9 d17.14
MinimumVisualStudioVersion = 10.0.40219.1
Project("{8BC9CEB8-8B4A-11D0-8D11-00A0C91BC942}") = "ProyectoPSM", "ProyectoPSM\ProyectoPSM.vcxproj", "{7E749BD4-6DBB-4AFB-B1F4-431C60931801}"
EndProject
Global
	GlobalSection(SolutionConfigurationPlatforms) = preSolution
		Debug|x64 = Debug|x64
		Release|x64 = Release|x64
	EndGlobalSection
	GlobalSection(ProjectConfigurationPlatforms) = postSolution
		{7E749BD4-6DBB-4AFB-B1F4-431C60931801}.Debug|x64.ActiveCfg = Debug|x64
		{7E749BD4-6DBB-4AFB-B1F4-431C60931801}.Debug|x64.Build.0 = Debug|x64
		{7E749BD4-6DBB-4AFB-B1F4-431C60931801}.Release|x64.ActiveCfg = Release|x64
		{7E749BD4-6DBB-4AFB-B1F4-431C60931801}.Release|x64.Build.0 = Release|x64
	EndGlobalSection
	GlobalSection(SolutionProperties) = preSolution
		HideSolutionNode = FALSE
	EndGlobalSection
	GlobalSection(ExtensibilityGlobals) = postSolution
		SolutionGuid = {CD51C075-4968-438B-8D5E-C408F4CD6CC7}
	EndGlobalSection
EndGlobal
